{
	"name": "creeper-bot",
	"version": "1.0.0",
	"lockfileVersion": 1,
	"requires": true,
	"dependencies": {
		"@azure/abort-controller": {
			"version": "1.0.1",
			"resolved": "https://registry.npmjs.org/@azure/abort-controller/-/abort-controller-1.0.1.tgz",
			"integrity": "sha512-wP2Jw6uPp8DEDy0n4KNidvwzDjyVV2xnycEIq7nPzj1rHyb/r+t3OPeNT1INZePP2wy5ZqlwyuyOMTi0ePyY1A==",
			"requires": {
				"tslib": "^1.9.3"
			}
		},
		"@azure/core-asynciterator-polyfill": {
			"version": "1.0.0",
			"resolved": "https://registry.npmjs.org/@azure/core-asynciterator-polyfill/-/core-asynciterator-polyfill-1.0.0.tgz",
			"integrity": "sha512-kmv8CGrPfN9SwMwrkiBK9VTQYxdFQEGe0BmQk+M8io56P9KNzpAxcWE/1fxJj7uouwN4kXF0BHW8DNlgx+wtCg=="
		},
		"@azure/core-auth": {
			"version": "1.1.3",
			"resolved": "https://registry.npmjs.org/@azure/core-auth/-/core-auth-1.1.3.tgz",
			"integrity": "sha512-A4xigW0YZZpkj1zK7dKuzbBpGwnhEcRk6WWuIshdHC32raR3EQ1j6VA9XZqE+RFsUgH6OAmIK5BWIz+mZjnd6Q==",
			"requires": {
				"@azure/abort-controller": "^1.0.0",
				"@azure/core-tracing": "1.0.0-preview.8",
				"@opentelemetry/api": "^0.6.1",
				"tslib": "^2.0.0"
			},
			"dependencies": {
				"@azure/core-tracing": {
					"version": "1.0.0-preview.8",
					"resolved": "https://registry.npmjs.org/@azure/core-tracing/-/core-tracing-1.0.0-preview.8.tgz",
					"integrity": "sha512-ZKUpCd7Dlyfn7bdc+/zC/sf0aRIaNQMDuSj2RhYRFe3p70hVAnYGp3TX4cnG2yoEALp/LTj/XnZGQ8Xzf6Ja/Q==",
					"requires": {
						"@opencensus/web-types": "0.0.7",
						"@opentelemetry/api": "^0.6.1",
						"tslib": "^1.10.0"
					},
					"dependencies": {
						"tslib": {
							"version": "1.13.0",
							"resolved": "https://registry.npmjs.org/tslib/-/tslib-1.13.0.tgz",
							"integrity": "sha512-i/6DQjL8Xf3be4K/E6Wgpekn5Qasl1usyw++dAA35Ue5orEn65VIxOA+YvNNl9HV3qv70T7CNwjODHZrLwvd1Q=="
						}
					}
				},
				"tslib": {
					"version": "2.0.0",
					"resolved": "https://registry.npmjs.org/tslib/-/tslib-2.0.0.tgz",
					"integrity": "sha512-lTqkx847PI7xEDYJntxZH89L2/aXInsyF2luSafe/+0fHOMjlBNXdH6th7f70qxLDhul7KZK0zC8V5ZIyHl0/g=="
				}
			}
		},
		"@azure/core-http": {
			"version": "1.1.4",
			"resolved": "https://registry.npmjs.org/@azure/core-http/-/core-http-1.1.4.tgz",
			"integrity": "sha512-81cNvyT51MfYBVIscPwC7Sl1n/xWimqho+R2eOQLw6Qqtfxs5dYlFWfLr9HbYX7QEXZdc5xdsyYTjvfJkjA7Hg==",
			"requires": {
				"@azure/abort-controller": "^1.0.0",
				"@azure/core-auth": "^1.1.3",
				"@azure/core-tracing": "1.0.0-preview.8",
				"@azure/logger": "^1.0.0",
				"@opentelemetry/api": "^0.6.1",
				"@types/node-fetch": "^2.5.0",
				"@types/tunnel": "^0.0.1",
				"form-data": "^3.0.0",
				"node-fetch": "^2.6.0",
				"process": "^0.11.10",
				"tough-cookie": "^4.0.0",
				"tslib": "^2.0.0",
				"tunnel": "^0.0.6",
				"uuid": "^8.1.0",
				"xml2js": "^0.4.19"
			},
			"dependencies": {
				"@azure/core-tracing": {
					"version": "1.0.0-preview.8",
					"resolved": "https://registry.npmjs.org/@azure/core-tracing/-/core-tracing-1.0.0-preview.8.tgz",
					"integrity": "sha512-ZKUpCd7Dlyfn7bdc+/zC/sf0aRIaNQMDuSj2RhYRFe3p70hVAnYGp3TX4cnG2yoEALp/LTj/XnZGQ8Xzf6Ja/Q==",
					"requires": {
						"@opencensus/web-types": "0.0.7",
						"@opentelemetry/api": "^0.6.1",
						"tslib": "^1.10.0"
					},
					"dependencies": {
						"tslib": {
							"version": "1.13.0",
							"resolved": "https://registry.npmjs.org/tslib/-/tslib-1.13.0.tgz",
							"integrity": "sha512-i/6DQjL8Xf3be4K/E6Wgpekn5Qasl1usyw++dAA35Ue5orEn65VIxOA+YvNNl9HV3qv70T7CNwjODHZrLwvd1Q=="
						}
					}
				},
				"tough-cookie": {
					"version": "4.0.0",
					"resolved": "https://registry.npmjs.org/tough-cookie/-/tough-cookie-4.0.0.tgz",
					"integrity": "sha512-tHdtEpQCMrc1YLrMaqXXcj6AxhYi/xgit6mZu1+EDWUn+qhUf8wMQoFIy9NXuq23zAwtcB0t/MjACGR18pcRbg==",
					"requires": {
						"psl": "^1.1.33",
						"punycode": "^2.1.1",
						"universalify": "^0.1.2"
					}
				},
				"tslib": {
					"version": "2.0.0",
					"resolved": "https://registry.npmjs.org/tslib/-/tslib-2.0.0.tgz",
					"integrity": "sha512-lTqkx847PI7xEDYJntxZH89L2/aXInsyF2luSafe/+0fHOMjlBNXdH6th7f70qxLDhul7KZK0zC8V5ZIyHl0/g=="
				},
				"uuid": {
					"version": "8.2.0",
					"resolved": "https://registry.npmjs.org/uuid/-/uuid-8.2.0.tgz",
					"integrity": "sha512-CYpGiFTUrmI6OBMkAdjSDM0k5h8SkkiTP4WAjQgDgNB1S3Ou9VBEvr6q0Kv2H1mMk7IWfxYGpMH5sd5AvcIV2Q=="
				}
			}
		},
		"@azure/core-lro": {
			"version": "1.0.2",
			"resolved": "https://registry.npmjs.org/@azure/core-lro/-/core-lro-1.0.2.tgz",
			"integrity": "sha512-Yr0JD7GKryOmbcb5wHCQoQ4KCcH5QJWRNorofid+UvudLaxnbCfvKh/cUfQsGUqRjO9L/Bw4X7FP824DcHdMxw==",
			"requires": {
				"@azure/abort-controller": "^1.0.0",
				"@azure/core-http": "^1.1.1",
				"events": "^3.0.0",
				"tslib": "^1.10.0"
			}
		},
		"@azure/core-paging": {
			"version": "1.1.1",
			"resolved": "https://registry.npmjs.org/@azure/core-paging/-/core-paging-1.1.1.tgz",
			"integrity": "sha512-hqEJBEGKan4YdOaL9ZG/GRG6PXaFd/Wb3SSjQW4LWotZzgl6xqG00h6wmkrpd2NNkbBkD1erLHBO3lPHApv+iQ==",
			"requires": {
				"@azure/core-asynciterator-polyfill": "^1.0.0"
			}
		},
		"@azure/core-tracing": {
			"version": "1.0.0-preview.7",
			"resolved": "https://registry.npmjs.org/@azure/core-tracing/-/core-tracing-1.0.0-preview.7.tgz",
			"integrity": "sha512-pkFCw6OiJrpR+aH1VQe6DYm3fK2KWCC5Jf3m/Pv1RxF08M1Xm08RCyQ5Qe0YyW5L16yYT2nnV48krVhYZ6SGFA==",
			"requires": {
				"@opencensus/web-types": "0.0.7",
				"@opentelemetry/types": "^0.2.0",
				"tslib": "^1.9.3"
			}
		},
		"@azure/identity": {
			"version": "1.0.3",
			"resolved": "https://registry.npmjs.org/@azure/identity/-/identity-1.0.3.tgz",
			"integrity": "sha512-yWoOL3WjbD1sAYHdx4buFCGd9mCIHGzlTHgkhhLrmMpBztsfp9ejo5LRPYIV2Za4otfJzPL4kH/vnSLTS/4WYA==",
			"requires": {
				"@azure/core-http": "^1.0.0",
				"@azure/core-tracing": "1.0.0-preview.7",
				"@azure/logger": "^1.0.0",
				"@opentelemetry/types": "^0.2.0",
				"events": "^3.0.0",
				"jws": "^3.2.2",
				"msal": "^1.0.2",
				"qs": "^6.7.0",
				"tslib": "^1.9.3",
				"uuid": "^3.3.2"
			}
		},
		"@azure/keyvault-secrets": {
			"version": "4.0.4",
			"resolved": "https://registry.npmjs.org/@azure/keyvault-secrets/-/keyvault-secrets-4.0.4.tgz",
			"integrity": "sha512-yg+/5c9nCvfUAY+QHWwLfAvt2isrbqmNxBqJz+Y18ZzztH97Aj0x5LDoFZYEFbPQgYHb+vckfUgcnvAhWy159g==",
			"requires": {
				"@azure/abort-controller": "^1.0.0",
				"@azure/core-http": "^1.1.0",
				"@azure/core-lro": "^1.0.0",
				"@azure/core-paging": "^1.0.0",
				"@azure/core-tracing": "1.0.0-preview.8",
				"@azure/logger": "^1.0.0",
				"@opentelemetry/api": "^0.6.1",
				"tslib": "^1.9.3"
			},
			"dependencies": {
				"@azure/core-tracing": {
					"version": "1.0.0-preview.8",
					"resolved": "https://registry.npmjs.org/@azure/core-tracing/-/core-tracing-1.0.0-preview.8.tgz",
					"integrity": "sha512-ZKUpCd7Dlyfn7bdc+/zC/sf0aRIaNQMDuSj2RhYRFe3p70hVAnYGp3TX4cnG2yoEALp/LTj/XnZGQ8Xzf6Ja/Q==",
					"requires": {
						"@opencensus/web-types": "0.0.7",
						"@opentelemetry/api": "^0.6.1",
						"tslib": "^1.10.0"
					}
				}
			}
		},
		"@azure/logger": {
			"version": "1.0.0",
			"resolved": "https://registry.npmjs.org/@azure/logger/-/logger-1.0.0.tgz",
			"integrity": "sha512-g2qLDgvmhyIxR3JVS8N67CyIOeFRKQlX/llxYJQr1OSGQqM3HTpVP8MjmjcEKbL/OIt2N9C9UFaNQuKOw1laOA==",
			"requires": {
				"tslib": "^1.9.3"
			}
		},
		"@octokit/auth-app": {
			"version": "2.4.11",
			"resolved": "https://registry.npmjs.org/@octokit/auth-app/-/auth-app-2.4.11.tgz",
			"integrity": "sha512-8n6AcASm81FneLYZkgqEbSsX4bvkNGoKgCRKEPYAD7eLdCKjiLllYDbC+XhPbMxmQd3OI10NwEE5EmtFYrQe6g==",
			"requires": {
				"@octokit/request": "^5.3.0",
				"@octokit/request-error": "^2.0.0",
				"@octokit/types": "^5.0.0",
				"@types/lru-cache": "^5.1.0",
				"lru-cache": "^6.0.0",
				"universal-github-app-jwt": "^1.0.1",
				"universal-user-agent": "^6.0.0"
			}
		},
		"@octokit/auth-token": {
			"version": "2.4.2",
			"resolved": "https://registry.npmjs.org/@octokit/auth-token/-/auth-token-2.4.2.tgz",
			"integrity": "sha512-jE/lE/IKIz2v1+/P0u4fJqv0kYwXOTujKemJMFr6FeopsxlIK3+wKDCJGnysg81XID5TgZQbIfuJ5J0lnTiuyQ==",
			"requires": {
				"@octokit/types": "^5.0.0"
			}
		},
		"@octokit/core": {
			"version": "3.1.2",
			"resolved": "https://registry.npmjs.org/@octokit/core/-/core-3.1.2.tgz",
			"integrity": "sha512-AInOFULmwOa7+NFi9F8DlDkm5qtZVmDQayi7TUgChE3yeIGPq0Y+6cAEXPexQ3Ea+uZy66hKEazR7DJyU+4wfw==",
			"requires": {
				"@octokit/auth-token": "^2.4.0",
				"@octokit/graphql": "^4.3.1",
				"@octokit/request": "^5.4.0",
				"@octokit/types": "^5.0.0",
				"before-after-hook": "^2.1.0",
				"universal-user-agent": "^6.0.0"
			}
		},
		"@octokit/endpoint": {
			"version": "6.0.5",
			"resolved": "https://registry.npmjs.org/@octokit/endpoint/-/endpoint-6.0.5.tgz",
			"integrity": "sha512-70K5u6zd45ItOny6aHQAsea8HHQjlQq85yqOMe+Aj8dkhN2qSJ9T+Q3YjUjEYfPRBcuUWNgMn62DQnP/4LAIiQ==",
			"requires": {
				"@octokit/types": "^5.0.0",
				"is-plain-object": "^4.0.0",
				"universal-user-agent": "^6.0.0"
			}
		},
		"@octokit/graphql": {
			"version": "4.5.3",
			"resolved": "https://registry.npmjs.org/@octokit/graphql/-/graphql-4.5.3.tgz",
			"integrity": "sha512-JyYvi3j2tOb5ofASEpcg1Advs07H+Ag+I+ez7buuZfNVAmh1IYcDTuxd4gnYH8S2PSGu+f5IdDGxMmkK+5zsdA==",
			"requires": {
				"@octokit/request": "^5.3.0",
				"@octokit/types": "^5.0.0",
				"universal-user-agent": "^6.0.0"
			}
		},
		"@octokit/request": {
			"version": "5.4.7",
			"resolved": "https://registry.npmjs.org/@octokit/request/-/request-5.4.7.tgz",
			"integrity": "sha512-FN22xUDP0i0uF38YMbOfx6TotpcENP5W8yJM1e/LieGXn6IoRxDMnBf7tx5RKSW4xuUZ/1P04NFZy5iY3Rax1A==",
			"requires": {
				"@octokit/endpoint": "^6.0.1",
				"@octokit/request-error": "^2.0.0",
				"@octokit/types": "^5.0.0",
				"deprecation": "^2.0.0",
				"is-plain-object": "^4.0.0",
				"node-fetch": "^2.3.0",
				"once": "^1.4.0",
				"universal-user-agent": "^6.0.0"
			}
		},
		"@octokit/request-error": {
			"version": "2.0.2",
			"resolved": "https://registry.npmjs.org/@octokit/request-error/-/request-error-2.0.2.tgz",
			"integrity": "sha512-2BrmnvVSV1MXQvEkrb9zwzP0wXFNbPJij922kYBTLIlIafukrGOb+ABBT2+c6wZiuyWDH1K1zmjGQ0toN/wMWw==",
			"requires": {
				"@octokit/types": "^5.0.1",
				"deprecation": "^2.0.0",
				"once": "^1.4.0"
			}
		},
		"@octokit/types": {
			"version": "5.2.1",
			"resolved": "https://registry.npmjs.org/@octokit/types/-/types-5.2.1.tgz",
			"integrity": "sha512-PugtgEw8u++zAyBpDpSkR8K1OsT2l8QWp3ECL6bZHFoq9PfHDoKeGFWSuX2Z+Ghy93k1fkKf8tsmqNBv+8dEfQ==",
			"requires": {
				"@types/node": ">= 8"
			}
		},
		"@opencensus/web-types": {
			"version": "0.0.7",
			"resolved": "https://registry.npmjs.org/@opencensus/web-types/-/web-types-0.0.7.tgz",
			"integrity": "sha512-xB+w7ZDAu3YBzqH44rCmG9/RlrOmFuDPt/bpf17eJr8eZSrLt7nc7LnWdxM9Mmoj/YKMHpxRg28txu3TcpiL+g=="
		},
		"@opentelemetry/api": {
			"version": "0.6.1",
			"resolved": "https://registry.npmjs.org/@opentelemetry/api/-/api-0.6.1.tgz",
			"integrity": "sha512-wpufGZa7tTxw7eAsjXJtiyIQ42IWQdX9iUQp7ACJcKo1hCtuhLU+K2Nv1U6oRwT1oAlZTE6m4CgWKZBhOiau3Q==",
			"requires": {
				"@opentelemetry/context-base": "^0.6.1"
			}
		},
		"@opentelemetry/context-base": {
			"version": "0.6.1",
			"resolved": "https://registry.npmjs.org/@opentelemetry/context-base/-/context-base-0.6.1.tgz",
			"integrity": "sha512-5bHhlTBBq82ti3qPT15TRxkYTFPPQWbnkkQkmHPtqiS1XcTB69cEKd3Jm7Cfi/vkPoyxapmePE9tyA7EzLt8SQ=="
		},
		"@opentelemetry/types": {
			"version": "0.2.0",
			"resolved": "https://registry.npmjs.org/@opentelemetry/types/-/types-0.2.0.tgz",
			"integrity": "sha512-GtwNB6BNDdsIPAYEdpp3JnOGO/3AJxjPvny53s3HERBdXSJTGQw8IRhiaTEX0b3w9P8+FwFZde4k+qkjn67aVw=="
		},
		"@types/jsonwebtoken": {
			"version": "8.5.0",
			"resolved": "https://registry.npmjs.org/@types/jsonwebtoken/-/jsonwebtoken-8.5.0.tgz",
			"integrity": "sha512-9bVao7LvyorRGZCw0VmH/dr7Og+NdjYSsKAxB43OQoComFbBgsEpoR9JW6+qSq/ogwVBg8GI2MfAlk4SYI4OLg==",
			"requires": {
				"@types/node": "*"
			}
		},
		"@types/lru-cache": {
			"version": "5.1.0",
			"resolved": "https://registry.npmjs.org/@types/lru-cache/-/lru-cache-5.1.0.tgz",
			"integrity": "sha512-RaE0B+14ToE4l6UqdarKPnXwVDuigfFv+5j9Dze/Nqr23yyuqdNvzcZi3xB+3Agvi5R4EOgAksfv3lXX4vBt9w=="
		},
		"@types/node": {
			"version": "8.10.62",
			"resolved": "https://registry.npmjs.org/@types/node/-/node-8.10.62.tgz",
			"integrity": "sha512-76fupxOYVxk36kb7O/6KtrAPZ9jnSK3+qisAX4tQMEuGNdlvl7ycwatlHqjoE6jHfVtXFM3pCrCixZOidc5cuw=="
		},
		"@types/node-fetch": {
			"version": "2.5.7",
			"resolved": "https://registry.npmjs.org/@types/node-fetch/-/node-fetch-2.5.7.tgz",
			"integrity": "sha512-o2WVNf5UhWRkxlf6eq+jMZDu7kjgpgJfl4xVNlvryc95O/6F2ld8ztKX+qu+Rjyet93WAWm5LjeX9H5FGkODvw==",
			"requires": {
				"@types/node": "*",
				"form-data": "^3.0.0"
			}
		},
		"@types/tunnel": {
			"version": "0.0.1",
			"resolved": "https://registry.npmjs.org/@types/tunnel/-/tunnel-0.0.1.tgz",
			"integrity": "sha512-AOqu6bQu5MSWwYvehMXLukFHnupHrpZ8nvgae5Ggie9UwzDR1CCwoXgSSWNZJuyOlCdfdsWMA5F2LlmvyoTv8A==",
			"requires": {
				"@types/node": "*"
			}
		},
		"asynckit": {
			"version": "0.4.0",
			"resolved": "https://registry.npmjs.org/asynckit/-/asynckit-0.4.0.tgz",
			"integrity": "sha1-x57Zf380y48robyXkLzDZkdLS3k="
		},
		"before-after-hook": {
			"version": "2.1.0",
			"resolved": "https://registry.npmjs.org/before-after-hook/-/before-after-hook-2.1.0.tgz",
			"integrity": "sha512-IWIbu7pMqyw3EAJHzzHbWa85b6oud/yfKYg5rqB5hNE8CeMi3nX+2C2sj0HswfblST86hpVEOAb9x34NZd6P7A=="
		},
		"buffer-equal-constant-time": {
			"version": "1.0.1",
			"resolved": "https://registry.npmjs.org/buffer-equal-constant-time/-/buffer-equal-constant-time-1.0.1.tgz",
			"integrity": "sha1-+OcRMvf/5uAaXJaXpMbz5I1cyBk="
		},
		"class-transformer": {
			"version": "0.3.1",
			"resolved": "https://registry.npmjs.org/class-transformer/-/class-transformer-0.3.1.tgz",
			"integrity": "sha512-cKFwohpJbuMovS8xVLmn8N2AUbAuc8pVo4zEfsUVo8qgECOogns1WVk/FkOZoxhOPTyTYFckuoH+13FO+MQ8GA=="
		},
		"combined-stream": {
			"version": "1.0.8",
			"resolved": "https://registry.npmjs.org/combined-stream/-/combined-stream-1.0.8.tgz",
			"integrity": "sha512-FQN4MRfuJeHf7cBbBMJFXhKSDq+2kAArBlmRBvcvFE5BB1HZKXtSFASDhdlz9zOYwxh8lDdnvmMOe/+5cdoEdg==",
			"requires": {
				"delayed-stream": "~1.0.0"
			}
		},
		"crypto": {
			"version": "1.0.1",
			"resolved": "https://registry.npmjs.org/crypto/-/crypto-1.0.1.tgz",
			"integrity": "sha512-VxBKmeNcqQdiUQUW2Tzq0t377b54N2bMtXO/qiLa+6eRRmmC4qT3D4OnTGoT/U6O9aklQ/jTwbOtRMTTY8G0Ig=="
		},
		"delayed-stream": {
			"version": "1.0.0",
			"resolved": "https://registry.npmjs.org/delayed-stream/-/delayed-stream-1.0.0.tgz",
			"integrity": "sha1-3zrhmayt+31ECqrgsp4icrJOxhk="
		},
		"deprecation": {
			"version": "2.3.1",
			"resolved": "https://registry.npmjs.org/deprecation/-/deprecation-2.3.1.tgz",
			"integrity": "sha512-xmHIy4F3scKVwMsQ4WnVaS8bHOx0DmVwRywosKhaILI0ywMDWPtBSku2HNxRvF7jtwDRsoEwYQSfbxj8b7RlJQ=="
		},
		"ecdsa-sig-formatter": {
			"version": "1.0.11",
			"resolved": "https://registry.npmjs.org/ecdsa-sig-formatter/-/ecdsa-sig-formatter-1.0.11.tgz",
			"integrity": "sha512-nagl3RYrbNv6kQkeJIpt6NJZy8twLB/2vtz6yN9Z4vRKHN4/QZJIEbqohALSgwKdnksuY3k5Addp5lg8sVoVcQ==",
			"requires": {
				"safe-buffer": "^5.0.1"
			}
		},
		"events": {
			"version": "3.1.0",
			"resolved": "https://registry.npmjs.org/events/-/events-3.1.0.tgz",
			"integrity": "sha512-Rv+u8MLHNOdMjTAFeT3nCjHn2aGlx435FP/sDHNaRhDEMwyI/aB22Kj2qIN8R0cw3z28psEQLYwxVKLsKrMgWg=="
		},
		"form-data": {
			"version": "3.0.0",
			"resolved": "https://registry.npmjs.org/form-data/-/form-data-3.0.0.tgz",
			"integrity": "sha512-CKMFDglpbMi6PyN+brwB9Q/GOw0eAnsrEZDgcsH5Krhz5Od/haKHAX0NmQfha2zPPz0JpWzA7GJHGSnvCRLWsg==",
			"requires": {
				"asynckit": "^0.4.0",
				"combined-stream": "^1.0.8",
				"mime-types": "^2.1.12"
			}
		},
		"is-plain-object": {
			"version": "4.1.1",
			"resolved": "https://registry.npmjs.org/is-plain-object/-/is-plain-object-4.1.1.tgz",
			"integrity": "sha512-5Aw8LLVsDlZsETVMhoMXzqsXwQqr/0vlnBYzIXJbYo2F4yYlhLHs+Ez7Bod7IIQKWkJbJfxrWD7pA1Dw1TKrwA=="
		},
		"jsonwebtoken": {
			"version": "8.5.1",
			"resolved": "https://registry.npmjs.org/jsonwebtoken/-/jsonwebtoken-8.5.1.tgz",
			"integrity": "sha512-XjwVfRS6jTMsqYs0EsuJ4LGxXV14zQybNd4L2r0UvbVnSF9Af8x7p5MzbJ90Ioz/9TI41/hTCvznF/loiSzn8w==",
			"requires": {
				"jws": "^3.2.2",
				"lodash.includes": "^4.3.0",
				"lodash.isboolean": "^3.0.3",
				"lodash.isinteger": "^4.0.4",
				"lodash.isnumber": "^3.0.3",
				"lodash.isplainobject": "^4.0.6",
				"lodash.isstring": "^4.0.1",
				"lodash.once": "^4.0.0",
				"ms": "^2.1.1",
				"semver": "^5.6.0"
			}
		},
		"jwa": {
			"version": "1.4.1",
			"resolved": "https://registry.npmjs.org/jwa/-/jwa-1.4.1.tgz",
			"integrity": "sha512-qiLX/xhEEFKUAJ6FiBMbes3w9ATzyk5W7Hvzpa/SLYdxNtng+gcurvrI7TbACjIXlsJyr05/S1oUhZrc63evQA==",
			"requires": {
				"buffer-equal-constant-time": "1.0.1",
				"ecdsa-sig-formatter": "1.0.11",
				"safe-buffer": "^5.0.1"
			}
		},
		"jws": {
			"version": "3.2.2",
			"resolved": "https://registry.npmjs.org/jws/-/jws-3.2.2.tgz",
			"integrity": "sha512-YHlZCB6lMTllWDtSPHz/ZXTsi8S00usEV6v1tjq8tOUZzw7DpSDWVXjXDre6ed1w/pd495ODpHZYSdkRTsa0HA==",
			"requires": {
				"jwa": "^1.4.1",
				"safe-buffer": "^5.0.1"
			}
		},
		"lodash.includes": {
			"version": "4.3.0",
			"resolved": "https://registry.npmjs.org/lodash.includes/-/lodash.includes-4.3.0.tgz",
			"integrity": "sha1-YLuYqHy5I8aMoeUTJUgzFISfVT8="
		},
		"lodash.isboolean": {
			"version": "3.0.3",
			"resolved": "https://registry.npmjs.org/lodash.isboolean/-/lodash.isboolean-3.0.3.tgz",
			"integrity": "sha1-bC4XHbKiV82WgC/UOwGyDV9YcPY="
		},
		"lodash.isinteger": {
			"version": "4.0.4",
			"resolved": "https://registry.npmjs.org/lodash.isinteger/-/lodash.isinteger-4.0.4.tgz",
			"integrity": "sha1-YZwK89A/iwTDH1iChAt3sRzWg0M="
		},
		"lodash.isnumber": {
			"version": "3.0.3",
			"resolved": "https://registry.npmjs.org/lodash.isnumber/-/lodash.isnumber-3.0.3.tgz",
			"integrity": "sha1-POdoEMWSjQM1IwGsKHMX8RwLH/w="
		},
		"lodash.isplainobject": {
			"version": "4.0.6",
			"resolved": "https://registry.npmjs.org/lodash.isplainobject/-/lodash.isplainobject-4.0.6.tgz",
			"integrity": "sha1-fFJqUtibRcRcxpC4gWO+BJf1UMs="
		},
		"lodash.isstring": {
			"version": "4.0.1",
			"resolved": "https://registry.npmjs.org/lodash.isstring/-/lodash.isstring-4.0.1.tgz",
			"integrity": "sha1-1SfftUVuynzJu5XV2ur4i6VKVFE="
		},
		"lodash.once": {
			"version": "4.1.1",
			"resolved": "https://registry.npmjs.org/lodash.once/-/lodash.once-4.1.1.tgz",
			"integrity": "sha1-DdOXEhPHxW34gJd9UEyI+0cal6w="
		},
		"lru-cache": {
			"version": "6.0.0",
			"resolved": "https://registry.npmjs.org/lru-cache/-/lru-cache-6.0.0.tgz",
			"integrity": "sha512-Jo6dJ04CmSjuznwJSS3pUeWmd/H0ffTlkXXgwZi+eq1UCmqQwCh+eLsYOYCwY991i2Fah4h1BEMCx4qThGbsiA==",
			"requires": {
				"yallist": "^4.0.0"
			}
		},
		"mime-db": {
			"version": "1.44.0",
			"resolved": "https://registry.npmjs.org/mime-db/-/mime-db-1.44.0.tgz",
			"integrity": "sha512-/NOTfLrsPBVeH7YtFPgsVWveuL+4SjjYxaQ1xtM1KMFj7HdxlBlxeyNLzhyJVx7r4rZGJAZ/6lkKCitSc/Nmpg=="
		},
		"mime-types": {
			"version": "2.1.27",
			"resolved": "https://registry.npmjs.org/mime-types/-/mime-types-2.1.27.tgz",
			"integrity": "sha512-JIhqnCasI9yD+SsmkquHBxTSEuZdQX5BuQnS2Vc7puQQQ+8yiP5AY5uWhpdv4YL4VM5c6iliiYWPgJ/nJQLp7w==",
			"requires": {
				"mime-db": "1.44.0"
			}
		},
		"ms": {
			"version": "2.1.2",
			"resolved": "https://registry.npmjs.org/ms/-/ms-2.1.2.tgz",
			"integrity": "sha512-sGkPx+VjMtmA6MX27oA4FBFELFCZZ4S4XqeGOXCv68tT+jb3vk/RyaKWP0PTKyWtmLSM0b+adUTEvbs1PEaH2w=="
		},
		"msal": {
			"version": "1.3.3",
			"resolved": "https://registry.npmjs.org/msal/-/msal-1.3.3.tgz",
			"integrity": "sha512-1gscQA6OZ4EMvIw3PdkE9GECOcqGZkA8JOOHP5HqGlhmUvFkz64FTtu0Z71iuyt803Z1PwGnvE0w2bETd9u59w==",
			"requires": {
				"tslib": "^1.9.3"
			}
		},
		"node-fetch": {
			"version": "2.6.0",
			"resolved": "https://registry.npmjs.org/node-fetch/-/node-fetch-2.6.0.tgz",
			"integrity": "sha512-8dG4H5ujfvFiqDmVu9fQ5bOHUC15JMjMY/Zumv26oOvvVJjM67KF8koCWIabKQ1GJIa9r2mMZscBq/TbdOcmNA=="
		},
		"once": {
			"version": "1.4.0",
			"resolved": "https://registry.npmjs.org/once/-/once-1.4.0.tgz",
			"integrity": "sha1-WDsap3WWHUsROsF9nFC6753Xa9E=",
			"requires": {
				"wrappy": "1"
			}
		},
		"process": {
			"version": "0.11.10",
			"resolved": "https://registry.npmjs.org/process/-/process-0.11.10.tgz",
			"integrity": "sha1-czIwDoQBYb2j5podHZGn1LwW8YI="
		},
		"psl": {
			"version": "1.8.0",
			"resolved": "https://registry.npmjs.org/psl/-/psl-1.8.0.tgz",
			"integrity": "sha512-RIdOzyoavK+hA18OGGWDqUTsCLhtA7IcZ/6NCs4fFJaHBDab+pDDmDIByWFRQJq2Cd7r1OoQxBGKOaztq+hjIQ=="
		},
		"punycode": {
			"version": "2.1.1",
			"resolved": "https://registry.npmjs.org/punycode/-/punycode-2.1.1.tgz",
			"integrity": "sha512-XRsRjdf+j5ml+y/6GKHPZbrF/8p2Yga0JPtdqTIY2Xe5ohJPD9saDJJLPvp9+NSBprVvevdXZybnj2cv8OEd0A=="
		},
		"qs": {
			"version": "6.9.4",
			"resolved": "https://registry.npmjs.org/qs/-/qs-6.9.4.tgz",
			"integrity": "sha512-A1kFqHekCTM7cz0udomYUoYNWjBebHm/5wzU/XqrBRBNWectVH0QIiN+NEcZ0Dte5hvzHwbr8+XQmguPhJ6WdQ=="
		},
		"safe-buffer": {
			"version": "5.2.1",
			"resolved": "https://registry.npmjs.org/safe-buffer/-/safe-buffer-5.2.1.tgz",
			"integrity": "sha512-rp3So07KcdmmKbGvgaNxQSJr7bGVSVk5S9Eq1F+ppbRo70+YeaDxkw5Dd8NPN+GD6bjnYm2VuPuCXmpuYvmCXQ=="
		},
		"sax": {
			"version": "1.2.4",
			"resolved": "https://registry.npmjs.org/sax/-/sax-1.2.4.tgz",
			"integrity": "sha512-NqVDv9TpANUjFm0N8uM5GxL36UgKi9/atZw+x7YFnQ8ckwFGKrl4xX4yWtrey3UJm5nP1kUbnYgLopqWNSRhWw=="
		},
		"semver": {
			"version": "5.7.1",
			"resolved": "https://registry.npmjs.org/semver/-/semver-5.7.1.tgz",
			"integrity": "sha512-sauaDf/PZdVgrLTNYHRtpXa1iRiKcaebiKQ1BJdpQlWH2lCvexQdX55snPFyK7QzpudqbCI0qXFfOasHdyNDGQ=="
		},
		"tslib": {
			"version": "1.13.0",
			"resolved": "https://registry.npmjs.org/tslib/-/tslib-1.13.0.tgz",
			"integrity": "sha512-i/6DQjL8Xf3be4K/E6Wgpekn5Qasl1usyw++dAA35Ue5orEn65VIxOA+YvNNl9HV3qv70T7CNwjODHZrLwvd1Q=="
		},
		"tunnel": {
			"version": "0.0.6",
			"resolved": "https://registry.npmjs.org/tunnel/-/tunnel-0.0.6.tgz",
			"integrity": "sha512-1h/Lnq9yajKY2PEbBadPXj3VxsDDu844OnaAo52UVmIzIvwwtBPIuNvkjuzBlTWpfJyUbG3ez0KSBibQkj4ojg=="
		},
		"typescript": {
			"version": "3.9.7",
			"resolved": "https://registry.npmjs.org/typescript/-/typescript-3.9.7.tgz",
			"integrity": "sha512-BLbiRkiBzAwsjut4x/dsibSTB6yWpwT5qWmC2OfuCg3GgVQCSgMs4vEctYPhsaGtd0AeuuHMkjZ2h2WG8MSzRw==",
			"dev": true
		},
		"universal-github-app-jwt": {
			"version": "1.0.2",
			"resolved": "https://registry.npmjs.org/universal-github-app-jwt/-/universal-github-app-jwt-1.0.2.tgz",
			"integrity": "sha512-bJ3hVBdPREry3vob+JBOjXkO76QAQkYTIJvQ62Ja7XBSrKv6v6gHaRBWADddvS0HiLF0Q6lCK1kg4ZJrj/Kl9g==",
			"requires": {
				"@types/jsonwebtoken": "^8.3.3",
				"jsonwebtoken": "^8.5.1"
			}
		},
		"universal-user-agent": {
			"version": "6.0.0",
			"resolved": "https://registry.npmjs.org/universal-user-agent/-/universal-user-agent-6.0.0.tgz",
			"integrity": "sha512-isyNax3wXoKaulPDZWHQqbmIx1k2tb9fb3GGDBRxCscfYV2Ch7WxPArBsFEG8s/safwXTT7H4QGhaIkTp9447w=="
		},
		"universalify": {
			"version": "0.1.2",
			"resolved": "https://registry.npmjs.org/universalify/-/universalify-0.1.2.tgz",
			"integrity": "sha512-rBJeI5CXAlmy1pV+617WB9J63U6XcazHHF2f2dbJix4XzpUF0RS3Zbj0FGIOCAva5P/d/GBOYaACQ1w+0azUkg=="
		},
		"uuid": {
			"version": "3.4.0",
			"resolved": "https://registry.npmjs.org/uuid/-/uuid-3.4.0.tgz",
			"integrity": "sha512-HjSDRw6gZE5JMggctHBcjVak08+KEVhSIiDzFnT9S9aegmp85S/bReBVTb4QTFaRNptJ9kuYaNhnbNEOkbKb/A=="
		},
		"wrappy": {
			"version": "1.0.2",
			"resolved": "https://registry.npmjs.org/wrappy/-/wrappy-1.0.2.tgz",
			"integrity": "sha1-tSQ9jz7BqjXxNkYFvA0QNuMKtp8="
		},
		"xml2js": {
			"version": "0.4.23",
			"resolved": "https://registry.npmjs.org/xml2js/-/xml2js-0.4.23.tgz",
			"integrity": "sha512-ySPiMjM0+pLDftHgXY4By0uswI3SPKLDw/i3UXbnO8M/p28zqexCUoPmQFrYD+/1BzhGJSs2i1ERWKJAtiLrug==",
			"requires": {
				"sax": ">=0.6.0",
				"xmlbuilder": "~11.0.0"
			}
		},
		"xmlbuilder": {
			"version": "11.0.1",
			"resolved": "https://registry.npmjs.org/xmlbuilder/-/xmlbuilder-11.0.1.tgz",
			"integrity": "sha512-fDlsI/kFEx7gLvbecc0/ohLG50fugQp8ryHzMTuW9vSa1GJ0XYWKnhsUx7oie3G98+r56aTQIUB4kht42R3JvA=="
		},
		"yallist": {
			"version": "4.0.0",
			"resolved": "https://registry.npmjs.org/yallist/-/yallist-4.0.0.tgz",
			"integrity": "sha512-3wdGidZyq5PB084XLES5TpOSRA3wjXAlIWMhum2kRcv/41Sn2emQ0dycQW4uZXLejwKvg6EsvbdlVL+FYEct7A=="
		}
	}
}
